// !$*UTF8*$!
{
	archiveVersion = 1;
	classes = {
	};
	objectVersion = 56;
	objects = {

/* Begin PBXBuildFile section */
		000000000000000000000101 /* DesktopCanvasApp.swift in Sources */ = {isa = PBXBuildFile; fileRef = 000000000000000000000201 /* DesktopCanvasApp.swift */; };
		000000000000000000000102 /* AppModel.swift in Sources */ = {isa = PBXBuildFile; fileRef = 000000000000000000000202 /* AppModel.swift */; };
		000000000000000000000103 /* AccessibilityPermissionService.swift in Sources */ = {isa = PBXBuildFile; fileRef = 000000000000000000000203 /* AccessibilityPermissionService.swift */; };
		000000000000000000000104 /* AccessibilityClient.swift in Sources */ = {isa = PBXBuildFile; fileRef = 000000000000000000000204 /* AccessibilityClient.swift */; };
		000000000000000000000105 /* WindowCoordinator.swift in Sources */ = {isa = PBXBuildFile; fileRef = 000000000000000000000205 /* WindowCoordinator.swift */; };
		000000000000000000000106 /* LayoutEngine.swift in Sources */ = {isa = PBXBuildFile; fileRef = 000000000000000000000206 /* LayoutEngine.swift */; };
		000000000000000000000107 /* MainView.swift in Sources */ = {isa = PBXBuildFile; fileRef = 000000000000000000000207 /* MainView.swift */; };
		000000000000000000000109 /* DebugIntegrationTestRunner.swift in Sources */ = {isa = PBXBuildFile; fileRef = 000000000000000000000208 /* DebugIntegrationTestRunner.swift */; };
		000000000000000000000110 /* WindowConstraintMonitor.swift in Sources */ = {isa = PBXBuildFile; fileRef = 000000000000000000000209 /* WindowConstraintMonitor.swift */; };
		000000000000000000000111 /* Assets.xcassets in Resources */ = {isa = PBXBuildFile; fileRef = 000000000000000000000212 /* Assets.xcassets */; };
		000000000000000000000108 /* ApplicationServices.framework in Frameworks */ = {isa = PBXBuildFile; fileRef = 000000000000000000000211 /* ApplicationServices.framework */; };
/* End PBXBuildFile section */

/* Begin PBXFileReference section */
		000000000000000000000201 /* DesktopCanvasApp.swift */ = {isa = PBXFileReference; lastKnownFileType = sourcecode.swift; path = DesktopCanvasApp.swift; sourceTree = "<group>"; };
		000000000000000000000202 /* AppModel.swift */ = {isa = PBXFileReference; lastKnownFileType = sourcecode.swift; path = AppModel.swift; sourceTree = "<group>"; };
		000000000000000000000203 /* AccessibilityPermissionService.swift */ = {isa = PBXFileReference; lastKnownFileType = sourcecode.swift; path = AccessibilityPermissionService.swift; sourceTree = "<group>"; };
		000000000000000000000204 /* AccessibilityClient.swift */ = {isa = PBXFileReference; lastKnownFileType = sourcecode.swift; path = AccessibilityClient.swift; sourceTree = "<group>"; };
		000000000000000000000205 /* WindowCoordinator.swift */ = {isa = PBXFileReference; lastKnownFileType = sourcecode.swift; path = WindowCoordinator.swift; sourceTree = "<group>"; };
		000000000000000000000206 /* LayoutEngine.swift */ = {isa = PBXFileReference; lastKnownFileType = sourcecode.swift; path = LayoutEngine.swift; sourceTree = "<group>"; };
		000000000000000000000207 /* MainView.swift */ = {isa = PBXFileReference; lastKnownFileType = sourcecode.swift; path = MainView.swift; sourceTree = "<group>"; };
		000000000000000000000208 /* DebugIntegrationTestRunner.swift */ = {isa = PBXFileReference; lastKnownFileType = sourcecode.swift; path = DebugIntegrationTestRunner.swift; sourceTree = "<group>"; };
		000000000000000000000209 /* WindowConstraintMonitor.swift */ = {isa = PBXFileReference; lastKnownFileType = sourcecode.swift; path = WindowConstraintMonitor.swift; sourceTree = "<group>"; };
		000000000000000000000210 /* DesktopCanvas.app */ = {isa = PBXFileReference; explicitFileType = wrapper.application; includeInIndex = 0; path = DesktopCanvas.app; sourceTree = BUILT_PRODUCTS_DIR; };
		000000000000000000000211 /* ApplicationServices.framework */ = {isa = PBXFileReference; lastKnownFileType = wrapper.framework; name = ApplicationServices.framework; path = System/Library/Frameworks/ApplicationServices.framework; sourceTree = SDKROOT; };
		000000000000000000000212 /* Assets.xcassets */ = {isa = PBXFileReference; lastKnownFileType = folder.assetcatalog; path = Assets.xcassets; sourceTree = "<group>"; };
/* End PBXFileReference section */

/* Begin PBXFrameworksBuildPhase section */
		000000000000000000000501 /* Frameworks */ = {
			isa = PBXFrameworksBuildPhase;
			buildActionMask = 2147483647;
			files = (
				000000000000000000000108 /* ApplicationServices.framework in Frameworks */,
			);
			runOnlyForDeploymentPostprocessing = 0;
		};
/* End PBXFrameworksBuildPhase section */

/* Begin PBXGroup section */
		000000000000000000000301 = {
			isa = PBXGroup;
			children = (
				000000000000000000000302 /* DesktopCanvas */,
				000000000000000000000308 /* Frameworks */,
				000000000000000000000307 /* Products */,
			);
			sourceTree = "<group>";
		};
		000000000000000000000302 /* DesktopCanvas */ = {
			isa = PBXGroup;
			children = (
				000000000000000000000303 /* App */,
				000000000000000000000310 /* Debug */,
				000000000000000000000304 /* Accessibility */,
				000000000000000000000305 /* Windowing */,
				000000000000000000000306 /* Shared */,
				000000000000000000000309 /* UI */,
				000000000000000000000311 /* Resources */,
			);
			path = DesktopCanvas;
			sourceTree = "<group>";
		};
		000000000000000000000303 /* App */ = {
			isa = PBXGroup;
			children = (
				000000000000000000000201 /* DesktopCanvasApp.swift */,
				000000000000000000000202 /* AppModel.swift */,
			);
			path = App;
			sourceTree = "<group>";
		};
		000000000000000000000304 /* Accessibility */ = {
			isa = PBXGroup;
			children = (
				000000000000000000000203 /* AccessibilityPermissionService.swift */,
				000000000000000000000204 /* AccessibilityClient.swift */,
			);
			path = Accessibility;
			sourceTree = "<group>";
		};
		000000000000000000000305 /* Windowing */ = {
			isa = PBXGroup;
			children = (
				000000000000000000000205 /* WindowCoordinator.swift */,
				000000000000000000000209 /* WindowConstraintMonitor.swift */,
			);
			path = Windowing;
			sourceTree = "<group>";
		};
		000000000000000000000306 /* Shared */ = {
			isa = PBXGroup;
			children = (
				000000000000000000000206 /* LayoutEngine.swift */,
			);
			path = Shared;
			sourceTree = "<group>";
		};
		000000000000000000000307 /* Products */ = {
			isa = PBXGroup;
			children = (
				000000000000000000000210 /* DesktopCanvas.app */,
			);
			name = Products;
			sourceTree = "<group>";
		};
		000000000000000000000308 /* Frameworks */ = {
			isa = PBXGroup;
			children = (
				000000000000000000000211 /* ApplicationServices.framework */,
			);
			name = Frameworks;
			sourceTree = "<group>";
		};
		000000000000000000000309 /* UI */ = {
			isa = PBXGroup;
			children = (
				000000000000000000000207 /* MainView.swift */,
			);
			path = UI;
			sourceTree = "<group>";
		};
		000000000000000000000310 /* Debug */ = {
			isa = PBXGroup;
			children = (
				000000000000000000000208 /* DebugIntegrationTestRunner.swift */,
			);
			path = Debug;
			sourceTree = "<group>";
		};
		000000000000000000000311 /* Resources */ = {
			isa = PBXGroup;
			children = (
				000000000000000000000212 /* Assets.xcassets */,
			);
			path = Resources;
			sourceTree = "<group>";
		};
/* End PBXGroup section */

/* Begin PBXNativeTarget section */
		000000000000000000000401 /* DesktopCanvas */ = {
			isa = PBXNativeTarget;
			buildConfigurationList = 000000000000000000000702 /* Build configuration list for PBXNativeTarget "DesktopCanvas" */;
			buildPhases = (
				000000000000000000000502 /* Sources */,
				000000000000000000000501 /* Frameworks */,
				000000000000000000000503 /* Resources */,
			);
			buildRules = (
			);
			dependencies = (
			);
			name = DesktopCanvas;
			productName = DesktopCanvas;
			productReference = 000000000000000000000210 /* DesktopCanvas.app */;
			productType = "com.apple.product-type.application";
		};
/* End PBXNativeTarget section */

/* Begin PBXProject section */
		000000000000000000000601 /* Project object */ = {
			isa = PBXProject;
			attributes = {
				BuildIndependentTargetsInParallel = 1;
				LastSwiftUpdateCheck = 1600;
				LastUpgradeCheck = 1600;
				TargetAttributes = {
					000000000000000000000401 = {
						CreatedOnToolsVersion = 16.0;
					};
				};
			};
			buildConfigurationList = 000000000000000000000701 /* Build configuration list for PBXProject "DesktopCanvas" */;
			compatibilityVersion = "Xcode 14.0";
			developmentRegion = en;
			hasScannedForEncodings = 0;
			knownRegions = (
				en,
				Base,
			);
			mainGroup = 000000000000000000000301;
			productRefGroup = 000000000000000000000307 /* Products */;
			projectDirPath = "";
			projectRoot = "";
			targets = (
				000000000000000000000401 /* DesktopCanvas */,
			);
		};
/* End PBXProject section */

/* Begin PBXResourcesBuildPhase section */
		000000000000000000000503 /* Resources */ = {
			isa = PBXResourcesBuildPhase;
			buildActionMask = 2147483647;
			files = (
				000000000000000000000111 /* Assets.xcassets in Resources */,
			);
			runOnlyForDeploymentPostprocessing = 0;
		};
/* End PBXResourcesBuildPhase section */

/* Begin PBXSourcesBuildPhase section */
		000000000000000000000502 /* Sources */ = {
			isa = PBXSourcesBuildPhase;
			buildActionMask = 2147483647;
			files = (
				000000000000000000000101 /* DesktopCanvasApp.swift in Sources */,
				000000000000000000000102 /* AppModel.swift in Sources */,
				000000000000000000000103 /* AccessibilityPermissionService.swift in Sources */,
				000000000000000000000104 /* AccessibilityClient.swift in Sources */,
				000000000000000000000105 /* WindowCoordinator.swift in Sources */,
				000000000000000000000106 /* LayoutEngine.swift in Sources */,
				000000000000000000000107 /* MainView.swift in Sources */,
				000000000000000000000109 /* DebugIntegrationTestRunner.swift in Sources */,
				000000000000000000000110 /* WindowConstraintMonitor.swift in Sources */,
			);
			runOnlyForDeploymentPostprocessing = 0;
		};
/* End PBXSourcesBuildPhase section */

/* Begin XCBuildConfiguration section */
		000000000000000000000801 /* Debug */ = {
			isa = XCBuildConfiguration;
			buildSettings = {
				ALWAYS_SEARCH_USER_PATHS = NO;
				CLANG_ANALYZER_NONNULL = YES;
				CLANG_ANALYZER_NUMBER_OBJECT_CONVERSION = YES_AGGRESSIVE;
				CLANG_CXX_LANGUAGE_STANDARD = "gnu++20";
				CLANG_ENABLE_MODULES = YES;
				CLANG_ENABLE_OBJC_ARC = YES;
				CLANG_ENABLE_OBJC_WEAK = YES;
				COPY_PHASE_STRIP = NO;
				DEBUG_INFORMATION_FORMAT = dwarf;
				ENABLE_STRICT_OBJC_MSGSEND = YES;
				ENABLE_TESTABILITY = YES;
				ENABLE_USER_SCRIPT_SANDBOXING = YES;
				GCC_C_LANGUAGE_STANDARD = gnu17;
				GCC_DYNAMIC_NO_PIC = NO;
				GCC_NO_COMMON_BLOCKS = YES;
				GCC_OPTIMIZATION_LEVEL = 0;
				GCC_PREPROCESSOR_DEFINITIONS = (
					"DEBUG=1",
					"$(inherited)",
				);
				GCC_WARN_64_TO_32_BIT_CONVERSION = YES;
				GCC_WARN_ABOUT_RETURN_TYPE = YES_ERROR;
				GCC_WARN_UNDECLARED_SELECTOR = YES;
				GCC_WARN_UNINITIALIZED_AUTOS = YES_AGGRESSIVE;
				GCC_WARN_UNUSED_FUNCTION = YES;
				GCC_WARN_UNUSED_VARIABLE = YES;
				LOCALIZATION_PREFERS_STRING_CATALOGS = YES;
				MACOSX_DEPLOYMENT_TARGET = 14.0;
				MTL_ENABLE_DEBUG_INFO = INCLUDE_SOURCE;
				MTL_FAST_MATH = YES;
				ONLY_ACTIVE_ARCH = YES;
				SDKROOT = macosx;
				SWIFT_ACTIVE_COMPILATION_CONDITIONS = "DEBUG $(inherited)";
				SWIFT_OPTIMIZATION_LEVEL = "-Onone";
			};
			name = Debug;
		};
		000000000000000000000802 /* Release */ = {
			isa = XCBuildConfiguration;
			buildSettings = {
				ALWAYS_SEARCH_USER_PATHS = NO;
				CLANG_ANALYZER_NONNULL = YES;
				CLANG_ANALYZER_NUMBER_OBJECT_CONVERSION = YES_AGGRESSIVE;
				CLANG_CXX_LANGUAGE_STANDARD = "gnu++20";
				CLANG_ENABLE_MODULES = YES;
				CLANG_ENABLE_OBJC_ARC = YES;
				CLANG_ENABLE_OBJC_WEAK = YES;
				COPY_PHASE_STRIP = NO;
				DEBUG_INFORMATION_FORMAT = "dwarf-with-dsym";
				ENABLE_NS_ASSERTIONS = NO;
				ENABLE_STRICT_OBJC_MSGSEND = YES;
				ENABLE_USER_SCRIPT_SANDBOXING = YES;
				GCC_C_LANGUAGE_STANDARD = gnu17;
				GCC_NO_COMMON_BLOCKS = YES;
				GCC_WARN_64_TO_32_BIT_CONVERSION = YES;
				GCC_WARN_ABOUT_RETURN_TYPE = YES_ERROR;
				GCC_WARN_UNDECLARED_SELECTOR = YES;
				GCC_WARN_UNINITIALIZED_AUTOS = YES_AGGRESSIVE;
				GCC_WARN_UNUSED_FUNCTION = YES;
				GCC_WARN_UNUSED_VARIABLE = YES;
				LOCALIZATION_PREFERS_STRING_CATALOGS = YES;
				MACOSX_DEPLOYMENT_TARGET = 14.0;
				MTL_ENABLE_DEBUG_INFO = NO;
				MTL_FAST_MATH = YES;
				SDKROOT = macosx;
				SWIFT_COMPILATION_MODE = wholemodule;
		};
			name = Release;
		};
		000000000000000000000811 /* Debug */ = {
			isa = XCBuildConfiguration;
			buildSettings = {
				ASSETCATALOG_COMPILER_APPICON_NAME = AppIcon;
				CODE_SIGN_IDENTITY = "-";
				CODE_SIGN_STYLE = Manual;
				COMBINE_HIDPI_IMAGES = YES;
				CURRENT_PROJECT_VERSION = 2;
				DEAD_CODE_STRIPPING = YES;
				ENABLE_APP_SANDBOX = NO;
				ENABLE_HARDENED_RUNTIME = YES;
				GENERATE_INFOPLIST_FILE = YES;
				INFOPLIST_KEY_CFBundleDisplayName = "桌面画布";
				INFOPLIST_KEY_LSApplicationCategoryType = "public.app-category.productivity";
				LD_RUNPATH_SEARCH_PATHS = (
					"$(inherited)",
					"@executable_path/../Frameworks",
				);
				MACOSX_DEPLOYMENT_TARGET = 14.0;
				MARKETING_VERSION = 0.2.0;
				PRODUCT_BUNDLE_IDENTIFIER = com.multidesktop.desktopcanvas;
				PRODUCT_NAME = "$(TARGET_NAME)";
				SWIFT_EMIT_LOC_STRINGS = YES;
				SWIFT_STRICT_CONCURRENCY = complete;
				SWIFT_VERSION = 6.0;
			};
			name = Debug;
		};
		000000000000000000000812 /* Release */ = {
			isa = XCBuildConfiguration;
			buildSettings = {
				ASSETCATALOG_COMPILER_APPICON_NAME = AppIcon;
				CODE_SIGN_IDENTITY = "-";
				CODE_SIGN_STYLE = Manual;
				COMBINE_HIDPI_IMAGES = YES;
				CURRENT_PROJECT_VERSION = 2;
				DEAD_CODE_STRIPPING = YES;
				ENABLE_APP_SANDBOX = NO;
				ENABLE_HARDENED_RUNTIME = YES;
				GENERATE_INFOPLIST_FILE = YES;
				INFOPLIST_KEY_CFBundleDisplayName = "桌面画布";
				INFOPLIST_KEY_LSApplicationCategoryType = "public.app-category.productivity";
				LD_RUNPATH_SEARCH_PATHS = (
					"$(inherited)",
					"@executable_path/../Frameworks",
				);
				MACOSX_DEPLOYMENT_TARGET = 14.0;
				MARKETING_VERSION = 0.2.0;
				PRODUCT_BUNDLE_IDENTIFIER = com.multidesktop.desktopcanvas;
				PRODUCT_NAME = "$(TARGET_NAME)";
				SWIFT_COMPILATION_MODE = wholemodule;
				SWIFT_EMIT_LOC_STRINGS = YES;
				SWIFT_STRICT_CONCURRENCY = complete;
				SWIFT_VERSION = 6.0;
			};
			name = Release;
		};
/* End XCBuildConfiguration section */

/* Begin XCConfigurationList section */
		000000000000000000000701 /* Build configuration list for PBXProject "DesktopCanvas" */ = {
			isa = XCConfigurationList;
			buildConfigurations = (
				000000000000000000000801 /* Debug */,
				000000000000000000000802 /* Release */,
			);
			defaultConfigurationIsVisible = 0;
			defaultConfigurationName = Release;
		};
		000000000000000000000702 /* Build configuration list for PBXNativeTarget "DesktopCanvas" */ = {
			isa = XCConfigurationList;
			buildConfigurations = (
				000000000000000000000811 /* Debug */,
				000000000000000000000812 /* Release */,
			);
			defaultConfigurationIsVisible = 0;
			defaultConfigurationName = Release;
		};
/* End XCConfigurationList section */
	};
	rootObject = 000000000000000000000601 /* Project object */;
}
